
Microsoft Visual Studio Solution File, Format Version 12.00
# Visual Studio Version 17
VisualStudioVersion = 17.1.32210.238
MinimumVisualStudioVersion = 10.0.40219.1
Project("{FAE04EC0-301F-11D3-BF4B-00C04F79EFBC}") = "HBMarsRover.ConsoleApp", "HBMarsRover.ConsoleApp\HBMarsRover.ConsoleApp.csproj", "{B9054020-368E-41C5-8933-18E141250540}"
EndProject
Project("{FAE04EC0-301F-11D3-BF4B-00C04F79EFBC}") = "HBMarsRover.Test", "HBMarsRover.Test\HBMarsRover.Test.csproj", "{887F6F17-B464-4385-AE43-761135DE2228}"
EndProject
Global
	GlobalSection(SolutionConfigurationPlatforms) = preSolution
		Debug|Any CPU = Debug|Any CPU
		Release|Any CPU = Release|Any CPU
	EndGlobalSection
	GlobalSection(ProjectConfigurationPlatforms) = postSolution
		{B9054020-368E-41C5-8933-18E141250540}.Debug|Any CPU.ActiveCfg = Debug|Any CPU
		{B9054020-368E-41C5-8933-18E141250540}.Debug|Any CPU.Build.0 = Debug|Any CPU
		{B9054020-368E-41C5-8933-18E141250540}.Release|Any CPU.ActiveCfg = Release|Any CPU
		{B9054020-368E-41C5-8933-18E141250540}.Release|Any CPU.Build.0 = Release|Any CPU
		{887F6F17-B464-4385-AE43-761135DE2228}.Debug|Any CPU.ActiveCfg = Debug|Any CPU
		{887F6F17-B464-4385-AE43-761135DE2228}.Debug|Any CPU.Build.0 = Debug|Any CPU
		{887F6F17-B464-4385-AE43-761135DE2228}.Release|Any CPU.ActiveCfg = Release|Any CPU
		{887F6F17-B464-4385-AE43-761135DE2228}.Release|Any CPU.Build.0 = Release|Any CPU
	EndGlobalSection
	GlobalSection(SolutionProperties) = preSolution
		HideSolutionNode = FALSE
	EndGlobalSection
	GlobalSection(ExtensibilityGlobals) = postSolution
		SolutionGuid = {A7234004-AC95-4CD5-8B8B-5C89E5DF1051}
	EndGlobalSection
EndGlobal
